Microsoft Visual Studio Solution File, Format Version 12.00
# Visual Studio 2013
VisualStudioVersion = 12.0.31101.0
MinimumVisualStudioVersion = 10.0.40219.1
Project("{2150E333-8FDC-42A3-9474-1A3956D46DE8}") = ".paket", ".paket", "{6D2497B1-6E3B-42CF-840B-D9D900B9453C}"
	ProjectSection(SolutionItems) = preProject
		paket.dependencies = paket.dependencies
		paket.lock = paket.lock
	EndProjectSection
EndProject
Project("{FAE04EC0-301F-11D3-BF4B-00C04F79EFBC}") = "Log4Net.Async", "Log4Net.Async\Log4Net.Async.csproj", "{D4D0C360-E967-46E2-A43F-131F9C002B09}"
EndProject
Project("{FAE04EC0-301F-11D3-BF4B-00C04F79EFBC}") = "Log4Net.Async.Tests", "Log4Net.Async.Tests\Log4Net.Async.Tests.csproj", "{A4C43C9A-2B71-4186-BAB5-DE294E5A05BA}"
EndProject
Project("{2150E333-8FDC-42A3-9474-1A3956D46DE8}") = "App", "App", "{EAFB6668-7DDC-469A-96AD-7DBE3DCF0304}"
EndProject
Project("{2150E333-8FDC-42A3-9474-1A3956D46DE8}") = "Test", "Test", "{4D497103-B378-433C-B340-8012E72FD3EF}"
EndProject
Project("{2150E333-8FDC-42A3-9474-1A3956D46DE8}") = "Samples", "Samples", "{A7C34A9D-7673-43F3-9AF0-CCE755D9F43B}"
	ProjectSection(SolutionItems) = preProject
		SampleConfig\AsyncAdoAppender.config = SampleConfig\AsyncAdoAppender.config
		SampleConfig\AsyncForwardingAppender.config = SampleConfig\AsyncForwardingAppender.config
		SampleConfig\AsyncRollingFileAppender.config = SampleConfig\AsyncRollingFileAppender.config
	EndProjectSection
EndProject
Global
	GlobalSection(SolutionConfigurationPlatforms) = preSolution
		Debug|Any CPU = Debug|Any CPU
		Release|Any CPU = Release|Any CPU
	EndGlobalSection
	GlobalSection(ProjectConfigurationPlatforms) = postSolution
		{D4D0C360-E967-46E2-A43F-131F9C002B09}.Debug|Any CPU.ActiveCfg = Debug|Any CPU
		{D4D0C360-E967-46E2-A43F-131F9C002B09}.Debug|Any CPU.Build.0 = Debug|Any CPU
		{D4D0C360-E967-46E2-A43F-131F9C002B09}.Release|Any CPU.ActiveCfg = Release|Any CPU
		{D4D0C360-E967-46E2-A43F-131F9C002B09}.Release|Any CPU.Build.0 = Release|Any CPU
		{A4C43C9A-2B71-4186-BAB5-DE294E5A05BA}.Debug|Any CPU.ActiveCfg = Debug|Any CPU
		{A4C43C9A-2B71-4186-BAB5-DE294E5A05BA}.Debug|Any CPU.Build.0 = Debug|Any CPU
		{A4C43C9A-2B71-4186-BAB5-DE294E5A05BA}.Release|Any CPU.ActiveCfg = Release|Any CPU
		{A4C43C9A-2B71-4186-BAB5-DE294E5A05BA}.Release|Any CPU.Build.0 = Release|Any CPU
	EndGlobalSection
	GlobalSection(SolutionProperties) = preSolution
		HideSolutionNode = FALSE
	EndGlobalSection
	GlobalSection(NestedProjects) = preSolution
		{D4D0C360-E967-46E2-A43F-131F9C002B09} = {EAFB6668-7DDC-469A-96AD-7DBE3DCF0304}
		{A4C43C9A-2B71-4186-BAB5-DE294E5A05BA} = {4D497103-B378-433C-B340-8012E72FD3EF}
	EndGlobalSection
EndGlobal
